
Microsoft Visual Studio Solution File, Format Version 12.00
# Visual Studio Version 16
VisualStudioVersion = 16.0.31515.178
MinimumVisualStudioVersion = 10.0.40219.1
Project("{FAE04EC0-301F-11D3-BF4B-00C04F79EFBC}") = "CodCreateApp", "CodCreateApp\CodCreateApp.csproj", "{7132D761-F61E-4FEE-B3D3-0FBA5E35B43E}"
EndProject
Project("{FAE04EC0-301F-11D3-BF4B-00C04F79EFBC}") = "ReceiptScanning", "ReceiptScanning\ReceiptScanning.csproj", "{211D828C-956D-425B-A414-65461F4F1C27}"
EndProject
Global
	GlobalSection(SolutionConfigurationPlatforms) = preSolution
		Debug|Any CPU = Debug|Any CPU
		Release|Any CPU = Release|Any CPU
	EndGlobalSection
	GlobalSection(ProjectConfigurationPlatforms) = postSolution
		{7132D761-F61E-4FEE-B3D3-0FBA5E35B43E}.Debug|Any CPU.ActiveCfg = Debug|Any CPU
		{7132D761-F61E-4FEE-B3D3-0FBA5E35B43E}.Debug|Any CPU.Build.0 = Debug|Any CPU
		{7132D761-F61E-4FEE-B3D3-0FBA5E35B43E}.Release|Any CPU.ActiveCfg = Release|Any CPU
		{7132D761-F61E-4FEE-B3D3-0FBA5E35B43E}.Release|Any CPU.Build.0 = Release|Any CPU
		{211D828C-956D-425B-A414-65461F4F1C27}.Debug|Any CPU.ActiveCfg = Debug|Any CPU
		{211D828C-956D-425B-A414-65461F4F1C27}.Debug|Any CPU.Build.0 = Debug|Any CPU
		{211D828C-956D-425B-A414-65461F4F1C27}.Release|Any CPU.ActiveCfg = Release|Any CPU
		{211D828C-956D-425B-A414-65461F4F1C27}.Release|Any CPU.Build.0 = Release|Any CPU
	EndGlobalSection
	GlobalSection(SolutionProperties) = preSolution
		HideSolutionNode = FALSE
	EndGlobalSection
	GlobalSection(ExtensibilityGlobals) = postSolution
		SolutionGuid = {F45478AF-E1A1-4635-8083-B6B99A1E1147}
	EndGlobalSection
EndGlobal
